
Microsoft Visual Studio Solution File, Format Version 12.00
# Visual Studio Version 17
VisualStudioVersion = 17.10.35027.167
MinimumVisualStudioVersion = 10.0.40219.1
Project("{FAE04EC0-301F-11D3-BF4B-00C04F79EFBC}") = "QuanLyBanHang", "QuanLyBanHang\QuanLyBanHang.csproj", "{BFD10D14-1FE4-4737-8A13-87BE3B0C90B7}"
EndProject
Global
	GlobalSection(SolutionConfigurationPlatforms) = preSolution
		Debug|Any CPU = Debug|Any CPU
		Release|Any CPU = Release|Any CPU
	EndGlobalSection
	GlobalSection(ProjectConfigurationPlatforms) = postSolution
		{BFD10D14-1FE4-4737-8A13-87BE3B0C90B7}.Debug|Any CPU.ActiveCfg = Debug|Any CPU
		{BFD10D14-1FE4-4737-8A13-87BE3B0C90B7}.Debug|Any CPU.Build.0 = Debug|Any CPU
		{BFD10D14-1FE4-4737-8A13-87BE3B0C90B7}.Release|Any CPU.ActiveCfg = Release|Any CPU
		{BFD10D14-1FE4-4737-8A13-87BE3B0C90B7}.Release|Any CPU.Build.0 = Release|Any CPU
	EndGlobalSection
	GlobalSection(SolutionProperties) = preSolution
		HideSolutionNode = FALSE
	EndGlobalSection
	GlobalSection(ExtensibilityGlobals) = postSolution
		SolutionGuid = {E1CBF0E0-F699-422F-ACC6-70445CE98BB4}
	EndGlobalSection
EndGlobal
